// !$*UTF8*$!
{
	archiveVersion = 1;
	classes = {
	};
	objectVersion = 56;
	objects = {

/* Begin PBXBuildFile section */
		C1C9780F29A440E900A31503 /* AppDelegate.swift in Sources */ = {isa = PBXBuildFile; fileRef = C1C9780E29A440E900A31503 /* AppDelegate.swift */; };
		C1C9781129A440E900A31503 /* SceneDelegate.swift in Sources */ = {isa = PBXBuildFile; fileRef = C1C9781029A440E900A31503 /* SceneDelegate.swift */; };
		C1C9781629A440E900A31503 /* Main.storyboard in Resources */ = {isa = PBXBuildFile; fileRef = C1C9781429A440E900A31503 /* Main.storyboard */; };
		C1C9781829A440EB00A31503 /* Assets.xcassets in Resources */ = {isa = PBXBuildFile; fileRef = C1C9781729A440EB00A31503 /* Assets.xcassets */; };
		C1C9781B29A440EB00A31503 /* LaunchScreen.storyboard in Resources */ = {isa = PBXBuildFile; fileRef = C1C9781929A440EB00A31503 /* LaunchScreen.storyboard */; };
		C1C9782A29A4468B00A31503 /* ListViewController.swift in Sources */ = {isa = PBXBuildFile; fileRef = C1C9782929A4468B00A31503 /* ListViewController.swift */; };
		C1C9782C29A446D300A31503 /* DetailViewController.swift in Sources */ = {isa = PBXBuildFile; fileRef = C1C9782B29A446D300A31503 /* DetailViewController.swift */; };
		C1C9782E29A4D2E200A31503 /* DiaryData.swift in Sources */ = {isa = PBXBuildFile; fileRef = C1C9782D29A4D2E200A31503 /* DiaryData.swift */; };
		C1FE00DB29AC81B8002376ED /* DetailCell.swift in Sources */ = {isa = PBXBuildFile; fileRef = C1FE00D929AC81B8002376ED /* DetailCell.swift */; };
		C1FE00DC29AC81B8002376ED /* DetailCell.xib in Resources */ = {isa = PBXBuildFile; fileRef = C1FE00DA29AC81B8002376ED /* DetailCell.xib */; };
		E4939E10DC3C0DD065E7F397 /* Pods_SimpleDailylife.framework in Frameworks */ = {isa = PBXBuildFile; fileRef = 01B860F0BAF9FC7EBB357C6D /* Pods_SimpleDailylife.framework */; };
/* End PBXBuildFile section */

/* Begin PBXFileReference section */
		01B860F0BAF9FC7EBB357C6D /* Pods_SimpleDailylife.framework */ = {isa = PBXFileReference; explicitFileType = wrapper.framework; includeInIndex = 0; path = Pods_SimpleDailylife.framework; sourceTree = BUILT_PRODUCTS_DIR; };
		75AE5A2062371F01121639B0 /* Pods-SimpleDailylife.release.xcconfig */ = {isa = PBXFileReference; includeInIndex = 1; lastKnownFileType = text.xcconfig; name = "Pods-SimpleDailylife.release.xcconfig"; path = "Target Support Files/Pods-SimpleDailylife/Pods-SimpleDailylife.release.xcconfig"; sourceTree = "<group>"; };
		A992BE6E4979F29BF734AF26 /* Pods-SimpleDailylife.debug.xcconfig */ = {isa = PBXFileReference; includeInIndex = 1; lastKnownFileType = text.xcconfig; name = "Pods-SimpleDailylife.debug.xcconfig"; path = "Target Support Files/Pods-SimpleDailylife/Pods-SimpleDailylife.debug.xcconfig"; sourceTree = "<group>"; };
		C1C9780B29A440E900A31503 /* SimpleDailylife.app */ = {isa = PBXFileReference; explicitFileType = wrapper.application; includeInIndex = 0; path = SimpleDailylife.app; sourceTree = BUILT_PRODUCTS_DIR; };
		C1C9780E29A440E900A31503 /* AppDelegate.swift */ = {isa = PBXFileReference; lastKnownFileType = sourcecode.swift; path = AppDelegate.swift; sourceTree = "<group>"; };
		C1C9781029A440E900A31503 /* SceneDelegate.swift */ = {isa = PBXFileReference; lastKnownFileType = sourcecode.swift; path = SceneDelegate.swift; sourceTree = "<group>"; };
		C1C9781529A440E900A31503 /* Base */ = {isa = PBXFileReference; lastKnownFileType = file.storyboard; name = Base; path = Base.lproj/Main.storyboard; sourceTree = "<group>"; };
		C1C9781729A440EB00A31503 /* Assets.xcassets */ = {isa = PBXFileReference; lastKnownFileType = folder.assetcatalog; path = Assets.xcassets; sourceTree = "<group>"; };
		C1C9781A29A440EB00A31503 /* Base */ = {isa = PBXFileReference; lastKnownFileType = file.storyboard; name = Base; path = Base.lproj/LaunchScreen.storyboard; sourceTree = "<group>"; };
		C1C9781C29A440EB00A31503 /* Info.plist */ = {isa = PBXFileReference; lastKnownFileType = text.plist.xml; path = Info.plist; sourceTree = "<group>"; };
		C1C9782929A4468B00A31503 /* ListViewController.swift */ = {isa = PBXFileReference; lastKnownFileType = sourcecode.swift; path = ListViewController.swift; sourceTree = "<group>"; };
		C1C9782B29A446D300A31503 /* DetailViewController.swift */ = {isa = PBXFileReference; lastKnownFileType = sourcecode.swift; path = DetailViewController.swift; sourceTree = "<group>"; };
		C1C9782D29A4D2E200A31503 /* DiaryData.swift */ = {isa = PBXFileReference; lastKnownFileType = sourcecode.swift; path = DiaryData.swift; sourceTree = "<group>"; };
		C1FE00D929AC81B8002376ED /* DetailCell.swift */ = {isa = PBXFileReference; lastKnownFileType = sourcecode.swift; path = DetailCell.swift; sourceTree = "<group>"; };
		C1FE00DA29AC81B8002376ED /* DetailCell.xib */ = {isa = PBXFileReference; lastKnownFileType = file.xib; path = DetailCell.xib; sourceTree = "<group>"; };
/* End PBXFileReference section */

/* Begin PBXFrameworksBuildPhase section */
		C1C9780829A440E900A31503 /* Frameworks */ = {
			isa = PBXFrameworksBuildPhase;
			buildActionMask = 2147483647;
			files = (
				E4939E10DC3C0DD065E7F397 /* Pods_SimpleDailylife.framework in Frameworks */,
			);
			runOnlyForDeploymentPostprocessing = 0;
		};
/* End PBXFrameworksBuildPhase section */

/* Begin PBXGroup section */
		4CBD4BA2E89151F7AC21DFE3 /* Pods */ = {
			isa = PBXGroup;
			children = (
				A992BE6E4979F29BF734AF26 /* Pods-SimpleDailylife.debug.xcconfig */,
				75AE5A2062371F01121639B0 /* Pods-SimpleDailylife.release.xcconfig */,
			);
			path = Pods;
			sourceTree = "<group>";
		};
		B84EFEAD0280011F4EDD4BD4 /* Frameworks */ = {
			isa = PBXGroup;
			children = (
				01B860F0BAF9FC7EBB357C6D /* Pods_SimpleDailylife.framework */,
			);
			name = Frameworks;
			sourceTree = "<group>";
		};
		C1C9780229A440E900A31503 = {
			isa = PBXGroup;
			children = (
				C1C9780D29A440E900A31503 /* SimpleDailylife */,
				C1C9780C29A440E900A31503 /* Products */,
				4CBD4BA2E89151F7AC21DFE3 /* Pods */,
				B84EFEAD0280011F4EDD4BD4 /* Frameworks */,
			);
			sourceTree = "<group>";
		};
		C1C9780C29A440E900A31503 /* Products */ = {
			isa = PBXGroup;
			children = (
				C1C9780B29A440E900A31503 /* SimpleDailylife.app */,
			);
			name = Products;
			sourceTree = "<group>";
		};
		C1C9780D29A440E900A31503 /* SimpleDailylife */ = {
			isa = PBXGroup;
			children = (
				C1C9780E29A440E900A31503 /* AppDelegate.swift */,
				C1C9781029A440E900A31503 /* SceneDelegate.swift */,
				C1C9782429A4410E00A31503 /* Controllers */,
				C1C9782329A4410600A31503 /* Models */,
				C1C9782229A4410100A31503 /* Views */,
				C1C9781729A440EB00A31503 /* Assets.xcassets */,
				C1C9781929A440EB00A31503 /* LaunchScreen.storyboard */,
				C1C9781C29A440EB00A31503 /* Info.plist */,
			);
			path = SimpleDailylife;
			sourceTree = "<group>";
		};
		C1C9782229A4410100A31503 /* Views */ = {
			isa = PBXGroup;
			children = (
				C1C9781429A440E900A31503 /* Main.storyboard */,
				C1FE00DA29AC81B8002376ED /* DetailCell.xib */,
			);
			path = Views;
			sourceTree = "<group>";
		};
		C1C9782329A4410600A31503 /* Models */ = {
			isa = PBXGroup;
			children = (
				C1C9782D29A4D2E200A31503 /* DiaryData.swift */,
			);
			path = Models;
			sourceTree = "<group>";
		};
		C1C9782429A4410E00A31503 /* Controllers */ = {
			isa = PBXGroup;
			children = (
				C1C9782929A4468B00A31503 /* ListViewController.swift */,
				C1C9782B29A446D300A31503 /* DetailViewController.swift */,
				C1FE00D929AC81B8002376ED /* DetailCell.swift */,
			);
			path = Controllers;
			sourceTree = "<group>";
		};
/* End PBXGroup section */

/* Begin PBXNativeTarget section */
		C1C9780A29A440E900A31503 /* SimpleDailylife */ = {
			isa = PBXNativeTarget;
			buildConfigurationList = C1C9781F29A440EB00A31503 /* Build configuration list for PBXNativeTarget "SimpleDailylife" */;
			buildPhases = (
				874815EE8FD1B81ACCA1F964 /* [CP] Check Pods Manifest.lock */,
				C1C9780729A440E900A31503 /* Sources */,
				C1C9780829A440E900A31503 /* Frameworks */,
				C1C9780929A440E900A31503 /* Resources */,
				A611CEA35411F6E4F5136C3E /* [CP] Embed Pods Frameworks */,
			);
			buildRules = (
			);
			dependencies = (
			);
			name = SimpleDailylife;
			productName = SimpleDailylife;
			productReference = C1C9780B29A440E900A31503 /* SimpleDailylife.app */;
			productType = "com.apple.product-type.application";
		};
/* End PBXNativeTarget section */

/* Begin PBXProject section */
		C1C9780329A440E900A31503 /* Project object */ = {
			isa = PBXProject;
			attributes = {
				BuildIndependentTargetsInParallel = 1;
				LastSwiftUpdateCheck = 1420;
				LastUpgradeCheck = 1420;
				TargetAttributes = {
					C1C9780A29A440E900A31503 = {
						CreatedOnToolsVersion = 14.2;
					};
				};
			};
			buildConfigurationList = C1C9780629A440E900A31503 /* Build configuration list for PBXProject "SimpleDailylife" */;
			compatibilityVersion = "Xcode 14.0";
			developmentRegion = en;
			hasScannedForEncodings = 0;
			knownRegions = (
				en,
				Base,
			);
			mainGroup = C1C9780229A440E900A31503;
			productRefGroup = C1C9780C29A440E900A31503 /* Products */;
			projectDirPath = "";
			projectRoot = "";
			targets = (
				C1C9780A29A440E900A31503 /* SimpleDailylife */,
			);
		};
/* End PBXProject section */

/* Begin PBXResourcesBuildPhase section */
		C1C9780929A440E900A31503 /* Resources */ = {
			isa = PBXResourcesBuildPhase;
			buildActionMask = 2147483647;
			files = (
				C1C9781B29A440EB00A31503 /* LaunchScreen.storyboard in Resources */,
				C1C9781829A440EB00A31503 /* Assets.xcassets in Resources */,
				C1FE00DC29AC81B8002376ED /* DetailCell.xib in Resources */,
				C1C9781629A440E900A31503 /* Main.storyboard in Resources */,
			);
			runOnlyForDeploymentPostprocessing = 0;
		};
/* End PBXResourcesBuildPhase section */

/* Begin PBXShellScriptBuildPhase section */
		874815EE8FD1B81ACCA1F964 /* [CP] Check Pods Manifest.lock */ = {
			isa = PBXShellScriptBuildPhase;
			buildActionMask = 2147483647;
			files = (
			);
			inputFileListPaths = (
			);
			inputPaths = (
				"${PODS_PODFILE_DIR_PATH}/Podfile.lock",
				"${PODS_ROOT}/Manifest.lock",
			);
			name = "[CP] Check Pods Manifest.lock";
			outputFileListPaths = (
			);
			outputPaths = (
				"$(DERIVED_FILE_DIR)/Pods-SimpleDailylife-checkManifestLockResult.txt",
			);
			runOnlyForDeploymentPostprocessing = 0;
			shellPath = /bin/sh;
			shellScript = "diff \"${PODS_PODFILE_DIR_PATH}/Podfile.lock\" \"${PODS_ROOT}/Manifest.lock\" > /dev/null\nif [ $? != 0 ] ; then\n    # print error to STDERR\n    echo \"error: The sandbox is not in sync with the Podfile.lock. Run 'pod install' or update your CocoaPods installation.\" >&2\n    exit 1\nfi\n# This output is used by Xcode 'outputs' to avoid re-running this script phase.\necho \"SUCCESS\" > \"${SCRIPT_OUTPUT_FILE_0}\"\n";
			showEnvVarsInLog = 0;
		};
		A611CEA35411F6E4F5136C3E /* [CP] Embed Pods Frameworks */ = {
			isa = PBXShellScriptBuildPhase;
			buildActionMask = 2147483647;
			files = (
			);
			inputFileListPaths = (
				"${PODS_ROOT}/Target Support Files/Pods-SimpleDailylife/Pods-SimpleDailylife-frameworks-${CONFIGURATION}-input-files.xcfilelist",
			);
			name = "[CP] Embed Pods Frameworks";
			outputFileListPaths = (
				"${PODS_ROOT}/Target Support Files/Pods-SimpleDailylife/Pods-SimpleDailylife-frameworks-${CONFIGURATION}-output-files.xcfilelist",
			);
			runOnlyForDeploymentPostprocessing = 0;
			shellPath = /bin/sh;
			shellScript = "\"${PODS_ROOT}/Target Support Files/Pods-SimpleDailylife/Pods-SimpleDailylife-frameworks.sh\"\n";
			showEnvVarsInLog = 0;
		};
/* End PBXShellScriptBuildPhase section */

/* Begin PBXSourcesBuildPhase section */
		C1C9780729A440E900A31503 /* Sources */ = {
			isa = PBXSourcesBuildPhase;
			buildActionMask = 2147483647;
			files = (
				C1C9780F29A440E900A31503 /* AppDelegate.swift in Sources */,
				C1C9782A29A4468B00A31503 /* ListViewController.swift in Sources */,
				C1FE00DB29AC81B8002376ED /* DetailCell.swift in Sources */,
				C1C9782E29A4D2E200A31503 /* DiaryData.swift in Sources */,
				C1C9781129A440E900A31503 /* SceneDelegate.swift in Sources */,
				C1C9782C29A446D300A31503 /* DetailViewController.swift in Sources */,
			);
			runOnlyForDeploymentPostprocessing = 0;
		};
/* End PBXSourcesBuildPhase section */

/* Begin PBXVariantGroup section */
		C1C9781429A440E900A31503 /* Main.storyboard */ = {
			isa = PBXVariantGroup;
			children = (
				C1C9781529A440E900A31503 /* Base */,
			);
			name = Main.storyboard;
			sourceTree = "<group>";
		};
		C1C9781929A440EB00A31503 /* LaunchScreen.storyboard */ = {
			isa = PBXVariantGroup;
			children = (
				C1C9781A29A440EB00A31503 /* Base */,
			);
			name = LaunchScreen.storyboard;
			sourceTree = "<group>";
		};
/* End PBXVariantGroup section */

/* Begin XCBuildConfiguration section */
		C1C9781D29A440EB00A31503 /* Debug */ = {
			isa = XCBuildConfiguration;
			buildSettings = {
				ALWAYS_SEARCH_USER_PATHS = NO;
				CLANG_ANALYZER_NONNULL = YES;
				CLANG_ANALYZER_NUMBER_OBJECT_CONVERSION = YES_AGGRESSIVE;
				CLANG_CXX_LANGUAGE_STANDARD = "gnu++20";
				CLANG_ENABLE_MODULES = YES;
				CLANG_ENABLE_OBJC_ARC = YES;
				CLANG_ENABLE_OBJC_WEAK = YES;
				CLANG_WARN_BLOCK_CAPTURE_AUTORELEASING = YES;
				CLANG_WARN_BOOL_CONVERSION = YES;
				CLANG_WARN_COMMA = YES;
				CLANG_WARN_CONSTANT_CONVERSION = YES;
				CLANG_WARN_DEPRECATED_OBJC_IMPLEMENTATIONS = YES;
				CLANG_WARN_DIRECT_OBJC_ISA_USAGE = YES_ERROR;
				CLANG_WARN_DOCUMENTATION_COMMENTS = YES;
				CLANG_WARN_EMPTY_BODY = YES;
				CLANG_WARN_ENUM_CONVERSION = YES;
				CLANG_WARN_INFINITE_RECURSION = YES;
				CLANG_WARN_INT_CONVERSION = YES;
				CLANG_WARN_NON_LITERAL_NULL_CONVERSION = YES;
				CLANG_WARN_OBJC_IMPLICIT_RETAIN_SELF = YES;
				CLANG_WARN_OBJC_LITERAL_CONVERSION = YES;
				CLANG_WARN_OBJC_ROOT_CLASS = YES_ERROR;
				CLANG_WARN_QUOTED_INCLUDE_IN_FRAMEWORK_HEADER = YES;
				CLANG_WARN_RANGE_LOOP_ANALYSIS = YES;
				CLANG_WARN_STRICT_PROTOTYPES = YES;
				CLANG_WARN_SUSPICIOUS_MOVE = YES;
				CLANG_WARN_UNGUARDED_AVAILABILITY = YES_AGGRESSIVE;
				CLANG_WARN_UNREACHABLE_CODE = YES;
				CLANG_WARN__DUPLICATE_METHOD_MATCH = YES;
				COPY_PHASE_STRIP = NO;
				DEBUG_INFORMATION_FORMAT = dwarf;
				ENABLE_STRICT_OBJC_MSGSEND = YES;
				ENABLE_TESTABILITY = YES;
				GCC_C_LANGUAGE_STANDARD = gnu11;
				GCC_DYNAMIC_NO_PIC = NO;
				GCC_NO_COMMON_BLOCKS = YES;
				GCC_OPTIMIZATION_LEVEL = 0;
				GCC_PREPROCESSOR_DEFINITIONS = (
					"DEBUG=1",
					"$(inherited)",
				);
				GCC_WARN_64_TO_32_BIT_CONVERSION = YES;
				GCC_WARN_ABOUT_RETURN_TYPE = YES_ERROR;
				GCC_WARN_UNDECLARED_SELECTOR = YES;
				GCC_WARN_UNINITIALIZED_AUTOS = YES_AGGRESSIVE;
				GCC_WARN_UNUSED_FUNCTION = YES;
				GCC_WARN_UNUSED_VARIABLE = YES;
				IPHONEOS_DEPLOYMENT_TARGET = 16.2;
				MTL_ENABLE_DEBUG_INFO = INCLUDE_SOURCE;
				MTL_FAST_MATH = YES;
				ONLY_ACTIVE_ARCH = YES;
				SDKROOT = iphoneos;
				SWIFT_ACTIVE_COMPILATION_CONDITIONS = DEBUG;
				SWIFT_OPTIMIZATION_LEVEL = "-Onone";
			};
			name = Debug;
		};
		C1C9781E29A440EB00A31503 /* Release */ = {
			isa = XCBuildConfiguration;
			buildSettings = {
				ALWAYS_SEARCH_USER_PATHS = NO;
				CLANG_ANALYZER_NONNULL = YES;
				CLANG_ANALYZER_NUMBER_OBJECT_CONVERSION = YES_AGGRESSIVE;
				CLANG_CXX_LANGUAGE_STANDARD = "gnu++20";
				CLANG_ENABLE_MODULES = YES;
				CLANG_ENABLE_OBJC_ARC = YES;
				CLANG_ENABLE_OBJC_WEAK = YES;
				CLANG_WARN_BLOCK_CAPTURE_AUTORELEASING = YES;
				CLANG_WARN_BOOL_CONVERSION = YES;
				CLANG_WARN_COMMA = YES;
				CLANG_WARN_CONSTANT_CONVERSION = YES;
				CLANG_WARN_DEPRECATED_OBJC_IMPLEMENTATIONS = YES;
				CLANG_WARN_DIRECT_OBJC_ISA_USAGE = YES_ERROR;
				CLANG_WARN_DOCUMENTATION_COMMENTS = YES;
				CLANG_WARN_EMPTY_BODY = YES;
				CLANG_WARN_ENUM_CONVERSION = YES;
				CLANG_WARN_INFINITE_RECURSION = YES;
				CLANG_WARN_INT_CONVERSION = YES;
				CLANG_WARN_NON_LITERAL_NULL_CONVERSION = YES;
				CLANG_WARN_OBJC_IMPLICIT_RETAIN_SELF = YES;
				CLANG_WARN_OBJC_LITERAL_CONVERSION = YES;
				CLANG_WARN_OBJC_ROOT_CLASS = YES_ERROR;
				CLANG_WARN_QUOTED_INCLUDE_IN_FRAMEWORK_HEADER = YES;
				CLANG_WARN_RANGE_LOOP_ANALYSIS = YES;
				CLANG_WARN_STRICT_PROTOTYPES = YES;
				CLANG_WARN_SUSPICIOUS_MOVE = YES;
				CLANG_WARN_UNGUARDED_AVAILABILITY = YES_AGGRESSIVE;
				CLANG_WARN_UNREACHABLE_CODE = YES;
				CLANG_WARN__DUPLICATE_METHOD_MATCH = YES;
				COPY_PHASE_STRIP = NO;
				DEBUG_INFORMATION_FORMAT = "dwarf-with-dsym";
				ENABLE_NS_ASSERTIONS = NO;
				ENABLE_STRICT_OBJC_MSGSEND = YES;
				GCC_C_LANGUAGE_STANDARD = gnu11;
				GCC_NO_COMMON_BLOCKS = YES;
				GCC_WARN_64_TO_32_BIT_CONVERSION = YES;
				GCC_WARN_ABOUT_RETURN_TYPE = YES_ERROR;
				GCC_WARN_UNDECLARED_SELECTOR = YES;
				GCC_WARN_UNINITIALIZED_AUTOS = YES_AGGRESSIVE;
				GCC_WARN_UNUSED_FUNCTION = YES;
				GCC_WARN_UNUSED_VARIABLE = YES;
				IPHONEOS_DEPLOYMENT_TARGET = 16.2;
				MTL_ENABLE_DEBUG_INFO = NO;
				MTL_FAST_MATH = YES;
				SDKROOT = iphoneos;
				SWIFT_COMPILATION_MODE = wholemodule;
				SWIFT_OPTIMIZATION_LEVEL = "-O";
				VALIDATE_PRODUCT = YES;
			};
			name = Release;
		};
		C1C9782029A440EB00A31503 /* Debug */ = {
			isa = XCBuildConfiguration;
			baseConfigurationReference = A992BE6E4979F29BF734AF26 /* Pods-SimpleDailylife.debug.xcconfig */;
			buildSettings = {
				ASSETCATALOG_COMPILER_APPICON_NAME = AppIcon;
				ASSETCATALOG_COMPILER_GLOBAL_ACCENT_COLOR_NAME = AccentColor;
				CODE_SIGN_STYLE = Automatic;
				CURRENT_PROJECT_VERSION = 1;
				DEVELOPMENT_TEAM = R43R4Y2L5Q;
				GENERATE_INFOPLIST_FILE = YES;
				INFOPLIST_FILE = SimpleDailylife/Info.plist;
				INFOPLIST_KEY_CFBundleDisplayName = "クイックジャーナル";
				INFOPLIST_KEY_UIApplicationSupportsIndirectInputEvents = YES;
				INFOPLIST_KEY_UILaunchStoryboardName = LaunchScreen;
				INFOPLIST_KEY_UIMainStoryboardFile = Main;
				INFOPLIST_KEY_UISupportedInterfaceOrientations_iPad = "UIInterfaceOrientationPortrait UIInterfaceOrientationPortraitUpsideDown UIInterfaceOrientationLandscapeLeft UIInterfaceOrientationLandscapeRight";
				INFOPLIST_KEY_UISupportedInterfaceOrientations_iPhone = "UIInterfaceOrientationPortrait UIInterfaceOrientationLandscapeLeft UIInterfaceOrientationLandscapeRight";
				LD_RUNPATH_SEARCH_PATHS = (
					"$(inherited)",
					"@executable_path/Frameworks",
				);
				MARKETING_VERSION = 1.0;
				PRODUCT_BUNDLE_IDENTIFIER = com.hideya.QuickJournal;
				PRODUCT_NAME = "$(TARGET_NAME)";
				SWIFT_EMIT_LOC_STRINGS = YES;
				SWIFT_VERSION = 5.0;
				TARGETED_DEVICE_FAMILY = "1,2";
			};
			name = Debug;
		};
		C1C9782129A440EB00A31503 /* Release */ = {
			isa = XCBuildConfiguration;
			baseConfigurationReference = 75AE5A2062371F01121639B0 /* Pods-SimpleDailylife.release.xcconfig */;
			buildSettings = {
				ASSETCATALOG_COMPILER_APPICON_NAME = AppIcon;
				ASSETCATALOG_COMPILER_GLOBAL_ACCENT_COLOR_NAME = AccentColor;
				CODE_SIGN_STYLE = Automatic;
				CURRENT_PROJECT_VERSION = 1;
				DEVELOPMENT_TEAM = R43R4Y2L5Q;
				GENERATE_INFOPLIST_FILE = YES;
				INFOPLIST_FILE = SimpleDailylife/Info.plist;
				INFOPLIST_KEY_CFBundleDisplayName = "クイックジャーナル";
				INFOPLIST_KEY_UIApplicationSupportsIndirectInputEvents = YES;
				INFOPLIST_KEY_UILaunchStoryboardName = LaunchScreen;
				INFOPLIST_KEY_UIMainStoryboardFile = Main;
				INFOPLIST_KEY_UISupportedInterfaceOrientations_iPad = "UIInterfaceOrientationPortrait UIInterfaceOrientationPortraitUpsideDown UIInterfaceOrientationLandscapeLeft UIInterfaceOrientationLandscapeRight";
				INFOPLIST_KEY_UISupportedInterfaceOrientations_iPhone = "UIInterfaceOrientationPortrait UIInterfaceOrientationLandscapeLeft UIInterfaceOrientationLandscapeRight";
				LD_RUNPATH_SEARCH_PATHS = (
					"$(inherited)",
					"@executable_path/Frameworks",
				);
				MARKETING_VERSION = 1.0;
				PRODUCT_BUNDLE_IDENTIFIER = com.hideya.QuickJournal;
				PRODUCT_NAME = "$(TARGET_NAME)";
				SWIFT_EMIT_LOC_STRINGS = YES;
				SWIFT_VERSION = 5.0;
				TARGETED_DEVICE_FAMILY = "1,2";
			};
			name = Release;
		};
/* End XCBuildConfiguration section */

/* Begin XCConfigurationList section */
		C1C9780629A440E900A31503 /* Build configuration list for PBXProject "SimpleDailylife" */ = {
			isa = XCConfigurationList;
			buildConfigurations = (
				C1C9781D29A440EB00A31503 /* Debug */,
				C1C9781E29A440EB00A31503 /* Release */,
			);
			defaultConfigurationIsVisible = 0;
			defaultConfigurationName = Release;
		};
		C1C9781F29A440EB00A31503 /* Build configuration list for PBXNativeTarget "SimpleDailylife" */ = {
			isa = XCConfigurationList;
			buildConfigurations = (
				C1C9782029A440EB00A31503 /* Debug */,
				C1C9782129A440EB00A31503 /* Release */,
			);
			defaultConfigurationIsVisible = 0;
			defaultConfigurationName = Release;
		};
/* End XCConfigurationList section */
	};
	rootObject = C1C9780329A440E900A31503 /* Project object */;
}
